
Microsoft Visual Studio Solution File, Format Version 12.00
# Visual Studio 15
VisualStudioVersion = 15.0.28307.136
MinimumVisualStudioVersion = 10.0.40219.1
Project("{FAE04EC0-301F-11D3-BF4B-00C04F79EFBC}") = "Test", "Test\Test.csproj", "{1151A633-6C3C-4274-913D-5EE98FAF278B}"
EndProject
Global
	GlobalSection(SolutionConfigurationPlatforms) = preSolution
		Debug|Any CPU = Debug|Any CPU
		Release|Any CPU = Release|Any CPU
	EndGlobalSection
	GlobalSection(ProjectConfigurationPlatforms) = postSolution
		{1151A633-6C3C-4274-913D-5EE98FAF278B}.Debug|Any CPU.ActiveCfg = Debug|Any CPU
		{1151A633-6C3C-4274-913D-5EE98FAF278B}.Debug|Any CPU.Build.0 = Debug|Any CPU
		{1151A633-6C3C-4274-913D-5EE98FAF278B}.Release|Any CPU.ActiveCfg = Release|Any CPU
		{1151A633-6C3C-4274-913D-5EE98FAF278B}.Release|Any CPU.Build.0 = Release|Any CPU
	EndGlobalSection
	GlobalSection(SolutionProperties) = preSolution
		HideSolutionNode = FALSE
	EndGlobalSection
	GlobalSection(ExtensibilityGlobals) = postSolution
		SolutionGuid = {DB53AB3E-7993-4F2C-801C-74D7D7E7D20B}
	EndGlobalSection
EndGlobal
